{
  "name": "nodejs",
  "lockfileVersion": 3,
  "requires": true,
  "packages": {
    "": {
      "dependencies": {
        "undici": "^7.24.5"
      }
    },
    "node_modules/undici": {
      "version": "7.24.5",
      "resolved": "https://registry.npmjs.org/undici/-/undici-7.24.5.tgz",
      "integrity": "sha512-3IWdCpjgxp15CbJnsi/Y9TCDE7HWVN19j1hmzVhoAkY/+CJx449tVxT5wZc1Gwg8J+P0LWvzlBzxYRnHJ+1i7Q==",
      "license": "MIT",
      "engines": {
        "node": ">=20.18.1"
      }
    }
  }
}
